
Microsoft Visual Studio Solution File, Format Version 12.00
# Visual Studio Version 17
VisualStudioVersion = 17.4.33213.308
MinimumVisualStudioVersion = 10.0.40219.1
Project("{FAE04EC0-301F-11D3-BF4B-00C04F79EFBC}") = "UnityEngine.UI", "UnityEngine.UI.csproj", "{678F8A0B-DD81-9E5F-24F0-2900FDC5B88E}"
EndProject
Project("{FAE04EC0-301F-11D3-BF4B-00C04F79EFBC}") = "Assembly-CSharp", "Assembly-CSharp.csproj", "{B661EF2C-B92B-17D5-8BE0-B69A0AA637FD}"
EndProject
Project("{FAE04EC0-301F-11D3-BF4B-00C04F79EFBC}") = "UnityEditor.UI", "UnityEditor.UI.csproj", "{079972D5-75A7-0F93-94C7-2F51FD843BEF}"
EndProject
Global
	GlobalSection(SolutionConfigurationPlatforms) = preSolution
		Debug|Any CPU = Debug|Any CPU
		Release|Any CPU = Release|Any CPU
	EndGlobalSection
	GlobalSection(ProjectConfigurationPlatforms) = postSolution
		{678F8A0B-DD81-9E5F-24F0-2900FDC5B88E}.Debug|Any CPU.ActiveCfg = Debug|Any CPU
		{678F8A0B-DD81-9E5F-24F0-2900FDC5B88E}.Debug|Any CPU.Build.0 = Debug|Any CPU
		{678F8A0B-DD81-9E5F-24F0-2900FDC5B88E}.Release|Any CPU.ActiveCfg = Release|Any CPU
		{678F8A0B-DD81-9E5F-24F0-2900FDC5B88E}.Release|Any CPU.Build.0 = Release|Any CPU
		{B661EF2C-B92B-17D5-8BE0-B69A0AA637FD}.Debug|Any CPU.ActiveCfg = Debug|Any CPU
		{B661EF2C-B92B-17D5-8BE0-B69A0AA637FD}.Debug|Any CPU.Build.0 = Debug|Any CPU
		{B661EF2C-B92B-17D5-8BE0-B69A0AA637FD}.Release|Any CPU.ActiveCfg = Release|Any CPU
		{B661EF2C-B92B-17D5-8BE0-B69A0AA637FD}.Release|Any CPU.Build.0 = Release|Any CPU
		{079972D5-75A7-0F93-94C7-2F51FD843BEF}.Debug|Any CPU.ActiveCfg = Debug|Any CPU
		{079972D5-75A7-0F93-94C7-2F51FD843BEF}.Debug|Any CPU.Build.0 = Debug|Any CPU
		{079972D5-75A7-0F93-94C7-2F51FD843BEF}.Release|Any CPU.ActiveCfg = Release|Any CPU
		{079972D5-75A7-0F93-94C7-2F51FD843BEF}.Release|Any CPU.Build.0 = Release|Any CPU
	EndGlobalSection
	GlobalSection(SolutionProperties) = preSolution
		HideSolutionNode = FALSE
	EndGlobalSection
	GlobalSection(ExtensibilityGlobals) = postSolution
		SolutionGuid = {457BCAB2-3229-4553-9D46-8390D8470682}
	EndGlobalSection
EndGlobal
